
Microsoft Visual Studio Solution File, Format Version 12.00
# Visual Studio 14
VisualStudioVersion = 14.0.25420.1
MinimumVisualStudioVersion = 10.0.40219.1
Project("{2150E333-8FDC-42A3-9474-1A3956D46DE8}") = "01 - Definitions", "01 - Definitions", "{8FD7C302-0CF2-4781-B43F-B53CFFBD8B28}"
EndProject
Project("{2150E333-8FDC-42A3-9474-1A3956D46DE8}") = "02 - Infrastructure", "02 - Infrastructure", "{26CC450A-9A27-4BA4-9326-6EB6E9A39607}"
EndProject
Project("{2150E333-8FDC-42A3-9474-1A3956D46DE8}") = "03 - Clients", "03 - Clients", "{CCF31E5D-3326-4A1F-BFC7-A89FC06290B9}"
EndProject
Project("{2150E333-8FDC-42A3-9474-1A3956D46DE8}") = "04 - Platforms", "04 - Platforms", "{EF001721-355B-4A94-8503-7048FFEA5C25}"
EndProject
Project("{2150E333-8FDC-42A3-9474-1A3956D46DE8}") = "05 - Tests", "05 - Tests", "{602666B7-C589-4682-B07E-A14B61BF7788}"
EndProject
Project("{FAE04EC0-301F-11D3-BF4B-00C04F79EFBC}") = "AlexDunn.Org.Infrastructure.Data", "Infrastructure\AlexDunn.Org.Infrastructure.Data\AlexDunn.Org.Infrastructure.Data.csproj", "{86F6C66A-0817-4015-BCB3-B1B2330A6D57}"
EndProject
Project("{FAE04EC0-301F-11D3-BF4B-00C04F79EFBC}") = "AlexDunn.Org.Infrastructure.Business", "Infrastructure\AlexDunn.Org.Infrastructure.Business\AlexDunn.Org.Infrastructure.Business.csproj", "{CC5CB28F-E68C-4961-B5AD-13E222C504E7}"
EndProject
Project("{FAE04EC0-301F-11D3-BF4B-00C04F79EFBC}") = "AlexDunn.Org.Definitions.Models", "Definitions\AlexDunn.Org.Definitions.Models\AlexDunn.Org.Definitions.Models.csproj", "{198DD55A-34A7-4189-8A42-9959EBE4DEC4}"
EndProject
Project("{FAE04EC0-301F-11D3-BF4B-00C04F79EFBC}") = "AlexDunn.Org.Definitions.Data", "Definitions\AlexDunn.Org.Definitions.Data\AlexDunn.Org.Definitions.Data.csproj", "{B9075450-D928-45B4-B2BE-BE4EBDAC0366}"
EndProject
Project("{FAE04EC0-301F-11D3-BF4B-00C04F79EFBC}") = "AlexDunn.Org.Definitions.Business", "Definitions\AlexDunn.Org.Definitions.Business\AlexDunn.Org.Definitions.Business.csproj", "{19B953FD-1DC2-436B-A8BA-80D096D1EC11}"
EndProject
Project("{FAE04EC0-301F-11D3-BF4B-00C04F79EFBC}") = "AlexDunn.Org.Clients.Forms", "Clients\AlexDunn.Org.Clients.Forms\AlexDunn.Org.Clients.Forms.csproj", "{2B504A17-FF9F-4A56-9DBD-3557B890E49A}"
EndProject
Project("{2150E333-8FDC-42A3-9474-1A3956D46DE8}") = "Google", "Google", "{864E186F-B2F2-49F0-8B9B-3AA1C2A6C48C}"
EndProject
Project("{2150E333-8FDC-42A3-9474-1A3956D46DE8}") = "Apple", "Apple", "{2BBE2EF0-6601-4730-BB18-BAB8DDD5F7DA}"
EndProject
Project("{2150E333-8FDC-42A3-9474-1A3956D46DE8}") = "Microsoft", "Microsoft", "{7EAEDAD6-4B21-4D61-BA81-D5A50BA23912}"
EndProject
Project("{FAE04EC0-301F-11D3-BF4B-00C04F79EFBC}") = "AlexDunn.Org.Platforms.iOS", "Platforms\Apple\AlexDunn.Org.Platforms.iOS\AlexDunn.Org.Platforms.iOS.csproj", "{70E4699F-01F2-4A80-A807-F8F2F692362C}"
EndProject
Project("{FAE04EC0-301F-11D3-BF4B-00C04F79EFBC}") = "AlexDunn.Org.Platforms.Droid", "Platforms\Google\AlexDunn.Org.Platforms.Droid\AlexDunn.Org.Platforms.Droid.csproj", "{CF2A2FA6-B388-413F-B4C2-5E208F189A00}"
EndProject
Project("{FAE04EC0-301F-11D3-BF4B-00C04F79EFBC}") = "AlexDunn.Org.Platforms.UWP", "Platforms\Microsoft\AlexDunn.Org.Platforms.UWP\AlexDunn.Org.Platforms.UWP.csproj", "{B9F20D66-84FE-4DD9-96E5-AF055AA2F632}"
EndProject
Project("{FAE04EC0-301F-11D3-BF4B-00C04F79EFBC}") = "AlexDunn.Org.Clients.Forms.Startup", "Clients\AlexDunn.Org.Clients.Forms.Startup\AlexDunn.Org.Clients.Forms.Startup.csproj", "{3762CC0E-6C4A-426C-AAFA-F4912BC18738}"
EndProject
Global
	GlobalSection(SolutionConfigurationPlatforms) = preSolution
		Ad-Hoc|Any CPU = Ad-Hoc|Any CPU
		Ad-Hoc|ARM = Ad-Hoc|ARM
		Ad-Hoc|iPhone = Ad-Hoc|iPhone
		Ad-Hoc|iPhoneSimulator = Ad-Hoc|iPhoneSimulator
		Ad-Hoc|x64 = Ad-Hoc|x64
		Ad-Hoc|x86 = Ad-Hoc|x86
		AppStore|Any CPU = AppStore|Any CPU
		AppStore|ARM = AppStore|ARM
		AppStore|iPhone = AppStore|iPhone
		AppStore|iPhoneSimulator = AppStore|iPhoneSimulator
		AppStore|x64 = AppStore|x64
		AppStore|x86 = AppStore|x86
		Debug|Any CPU = Debug|Any CPU
		Debug|ARM = Debug|ARM
		Debug|iPhone = Debug|iPhone
		Debug|iPhoneSimulator = Debug|iPhoneSimulator
		Debug|x64 = Debug|x64
		Debug|x86 = Debug|x86
		Release|Any CPU = Release|Any CPU
		Release|ARM = Release|ARM
		Release|iPhone = Release|iPhone
		Release|iPhoneSimulator = Release|iPhoneSimulator
		Release|x64 = Release|x64
		Release|x86 = Release|x86
	EndGlobalSection
	GlobalSection(ProjectConfigurationPlatforms) = postSolution
		{86F6C66A-0817-4015-BCB3-B1B2330A6D57}.Ad-Hoc|Any CPU.ActiveCfg = Release|Any CPU
		{86F6C66A-0817-4015-BCB3-B1B2330A6D57}.Ad-Hoc|Any CPU.Build.0 = Release|Any CPU
		{86F6C66A-0817-4015-BCB3-B1B2330A6D57}.Ad-Hoc|ARM.ActiveCfg = Release|Any CPU
		{86F6C66A-0817-4015-BCB3-B1B2330A6D57}.Ad-Hoc|ARM.Build.0 = Release|Any CPU
		{86F6C66A-0817-4015-BCB3-B1B2330A6D57}.Ad-Hoc|iPhone.ActiveCfg = Release|Any CPU
		{86F6C66A-0817-4015-BCB3-B1B2330A6D57}.Ad-Hoc|iPhone.Build.0 = Release|Any CPU
		{86F6C66A-0817-4015-BCB3-B1B2330A6D57}.Ad-Hoc|iPhoneSimulator.ActiveCfg = Release|Any CPU
		{86F6C66A-0817-4015-BCB3-B1B2330A6D57}.Ad-Hoc|iPhoneSimulator.Build.0 = Release|Any CPU
		{86F6C66A-0817-4015-BCB3-B1B2330A6D57}.Ad-Hoc|x64.ActiveCfg = Release|Any CPU
		{86F6C66A-0817-4015-BCB3-B1B2330A6D57}.Ad-Hoc|x64.Build.0 = Release|Any CPU
		{86F6C66A-0817-4015-BCB3-B1B2330A6D57}.Ad-Hoc|x86.ActiveCfg = Release|Any CPU
		{86F6C66A-0817-4015-BCB3-B1B2330A6D57}.Ad-Hoc|x86.Build.0 = Release|Any CPU
		{86F6C66A-0817-4015-BCB3-B1B2330A6D57}.AppStore|Any CPU.ActiveCfg = Release|Any CPU
		{86F6C66A-0817-4015-BCB3-B1B2330A6D57}.AppStore|Any CPU.Build.0 = Release|Any CPU
		{86F6C66A-0817-4015-BCB3-B1B2330A6D57}.AppStore|ARM.ActiveCfg = Release|Any CPU
		{86F6C66A-0817-4015-BCB3-B1B2330A6D57}.AppStore|ARM.Build.0 = Release|Any CPU
		{86F6C66A-0817-4015-BCB3-B1B2330A6D57}.AppStore|iPhone.ActiveCfg = Release|Any CPU
		{86F6C66A-0817-4015-BCB3-B1B2330A6D57}.AppStore|iPhone.Build.0 = Release|Any CPU
		{86F6C66A-0817-4015-BCB3-B1B2330A6D57}.AppStore|iPhoneSimulator.ActiveCfg = Release|Any CPU
		{86F6C66A-0817-4015-BCB3-B1B2330A6D57}.AppStore|iPhoneSimulator.Build.0 = Release|Any CPU
		{86F6C66A-0817-4015-BCB3-B1B2330A6D57}.AppStore|x64.ActiveCfg = Release|Any CPU
		{86F6C66A-0817-4015-BCB3-B1B2330A6D57}.AppStore|x64.Build.0 = Release|Any CPU
		{86F6C66A-0817-4015-BCB3-B1B2330A6D57}.AppStore|x86.ActiveCfg = Release|Any CPU
		{86F6C66A-0817-4015-BCB3-B1B2330A6D57}.AppStore|x86.Build.0 = Release|Any CPU
		{86F6C66A-0817-4015-BCB3-B1B2330A6D57}.Debug|Any CPU.ActiveCfg = Debug|Any CPU
		{86F6C66A-0817-4015-BCB3-B1B2330A6D57}.Debug|Any CPU.Build.0 = Debug|Any CPU
		{86F6C66A-0817-4015-BCB3-B1B2330A6D57}.Debug|ARM.ActiveCfg = Debug|Any CPU
		{86F6C66A-0817-4015-BCB3-B1B2330A6D57}.Debug|ARM.Build.0 = Debug|Any CPU
		{86F6C66A-0817-4015-BCB3-B1B2330A6D57}.Debug|iPhone.ActiveCfg = Debug|Any CPU
		{86F6C66A-0817-4015-BCB3-B1B2330A6D57}.Debug|iPhone.Build.0 = Debug|Any CPU
		{86F6C66A-0817-4015-BCB3-B1B2330A6D57}.Debug|iPhoneSimulator.ActiveCfg = Debug|Any CPU
		{86F6C66A-0817-4015-BCB3-B1B2330A6D57}.Debug|iPhoneSimulator.Build.0 = Debug|Any CPU
		{86F6C66A-0817-4015-BCB3-B1B2330A6D57}.Debug|x64.ActiveCfg = Debug|Any CPU
		{86F6C66A-0817-4015-BCB3-B1B2330A6D57}.Debug|x64.Build.0 = Debug|Any CPU
		{86F6C66A-0817-4015-BCB3-B1B2330A6D57}.Debug|x86.ActiveCfg = Debug|Any CPU
		{86F6C66A-0817-4015-BCB3-B1B2330A6D57}.Debug|x86.Build.0 = Debug|Any CPU
		{86F6C66A-0817-4015-BCB3-B1B2330A6D57}.Release|Any CPU.ActiveCfg = Release|Any CPU
		{86F6C66A-0817-4015-BCB3-B1B2330A6D57}.Release|Any CPU.Build.0 = Release|Any CPU
		{86F6C66A-0817-4015-BCB3-B1B2330A6D57}.Release|ARM.ActiveCfg = Release|Any CPU
		{86F6C66A-0817-4015-BCB3-B1B2330A6D57}.Release|ARM.Build.0 = Release|Any CPU
		{86F6C66A-0817-4015-BCB3-B1B2330A6D57}.Release|iPhone.ActiveCfg = Release|Any CPU
		{86F6C66A-0817-4015-BCB3-B1B2330A6D57}.Release|iPhone.Build.0 = Release|Any CPU
		{86F6C66A-0817-4015-BCB3-B1B2330A6D57}.Release|iPhoneSimulator.ActiveCfg = Release|Any CPU
		{86F6C66A-0817-4015-BCB3-B1B2330A6D57}.Release|iPhoneSimulator.Build.0 = Release|Any CPU
		{86F6C66A-0817-4015-BCB3-B1B2330A6D57}.Release|x64.ActiveCfg = Release|Any CPU
		{86F6C66A-0817-4015-BCB3-B1B2330A6D57}.Release|x64.Build.0 = Release|Any CPU
		{86F6C66A-0817-4015-BCB3-B1B2330A6D57}.Release|x86.ActiveCfg = Release|Any CPU
		{86F6C66A-0817-4015-BCB3-B1B2330A6D57}.Release|x86.Build.0 = Release|Any CPU
		{CC5CB28F-E68C-4961-B5AD-13E222C504E7}.Ad-Hoc|Any CPU.ActiveCfg = Release|Any CPU
		{CC5CB28F-E68C-4961-B5AD-13E222C504E7}.Ad-Hoc|Any CPU.Build.0 = Release|Any CPU
		{CC5CB28F-E68C-4961-B5AD-13E222C504E7}.Ad-Hoc|ARM.ActiveCfg = Release|Any CPU
		{CC5CB28F-E68C-4961-B5AD-13E222C504E7}.Ad-Hoc|ARM.Build.0 = Release|Any CPU
		{CC5CB28F-E68C-4961-B5AD-13E222C504E7}.Ad-Hoc|iPhone.ActiveCfg = Release|Any CPU
		{CC5CB28F-E68C-4961-B5AD-13E222C504E7}.Ad-Hoc|iPhone.Build.0 = Release|Any CPU
		{CC5CB28F-E68C-4961-B5AD-13E222C504E7}.Ad-Hoc|iPhoneSimulator.ActiveCfg = Release|Any CPU
		{CC5CB28F-E68C-4961-B5AD-13E222C504E7}.Ad-Hoc|iPhoneSimulator.Build.0 = Release|Any CPU
		{CC5CB28F-E68C-4961-B5AD-13E222C504E7}.Ad-Hoc|x64.ActiveCfg = Release|Any CPU
		{CC5CB28F-E68C-4961-B5AD-13E222C504E7}.Ad-Hoc|x64.Build.0 = Release|Any CPU
		{CC5CB28F-E68C-4961-B5AD-13E222C504E7}.Ad-Hoc|x86.ActiveCfg = Release|Any CPU
		{CC5CB28F-E68C-4961-B5AD-13E222C504E7}.Ad-Hoc|x86.Build.0 = Release|Any CPU
		{CC5CB28F-E68C-4961-B5AD-13E222C504E7}.AppStore|Any CPU.ActiveCfg = Release|Any CPU
		{CC5CB28F-E68C-4961-B5AD-13E222C504E7}.AppStore|Any CPU.Build.0 = Release|Any CPU
		{CC5CB28F-E68C-4961-B5AD-13E222C504E7}.AppStore|ARM.ActiveCfg = Release|Any CPU
		{CC5CB28F-E68C-4961-B5AD-13E222C504E7}.AppStore|ARM.Build.0 = Release|Any CPU
		{CC5CB28F-E68C-4961-B5AD-13E222C504E7}.AppStore|iPhone.ActiveCfg = Release|Any CPU
		{CC5CB28F-E68C-4961-B5AD-13E222C504E7}.AppStore|iPhone.Build.0 = Release|Any CPU
		{CC5CB28F-E68C-4961-B5AD-13E222C504E7}.AppStore|iPhoneSimulator.ActiveCfg = Release|Any CPU
		{CC5CB28F-E68C-4961-B5AD-13E222C504E7}.AppStore|iPhoneSimulator.Build.0 = Release|Any CPU
		{CC5CB28F-E68C-4961-B5AD-13E222C504E7}.AppStore|x64.ActiveCfg = Release|Any CPU
		{CC5CB28F-E68C-4961-B5AD-13E222C504E7}.AppStore|x64.Build.0 = Release|Any CPU
		{CC5CB28F-E68C-4961-B5AD-13E222C504E7}.AppStore|x86.ActiveCfg = Release|Any CPU
		{CC5CB28F-E68C-4961-B5AD-13E222C504E7}.AppStore|x86.Build.0 = Release|Any CPU
		{CC5CB28F-E68C-4961-B5AD-13E222C504E7}.Debug|Any CPU.ActiveCfg = Debug|Any CPU
		{CC5CB28F-E68C-4961-B5AD-13E222C504E7}.Debug|Any CPU.Build.0 = Debug|Any CPU
		{CC5CB28F-E68C-4961-B5AD-13E222C504E7}.Debug|ARM.ActiveCfg = Debug|Any CPU
		{CC5CB28F-E68C-4961-B5AD-13E222C504E7}.Debug|ARM.Build.0 = Debug|Any CPU
		{CC5CB28F-E68C-4961-B5AD-13E222C504E7}.Debug|iPhone.ActiveCfg = Debug|Any CPU
		{CC5CB28F-E68C-4961-B5AD-13E222C504E7}.Debug|iPhone.Build.0 = Debug|Any CPU
		{CC5CB28F-E68C-4961-B5AD-13E222C504E7}.Debug|iPhoneSimulator.ActiveCfg = Debug|Any CPU
		{CC5CB28F-E68C-4961-B5AD-13E222C504E7}.Debug|iPhoneSimulator.Build.0 = Debug|Any CPU
		{CC5CB28F-E68C-4961-B5AD-13E222C504E7}.Debug|x64.ActiveCfg = Debug|Any CPU
		{CC5CB28F-E68C-4961-B5AD-13E222C504E7}.Debug|x64.Build.0 = Debug|Any CPU
		{CC5CB28F-E68C-4961-B5AD-13E222C504E7}.Debug|x86.ActiveCfg = Debug|Any CPU
		{CC5CB28F-E68C-4961-B5AD-13E222C504E7}.Debug|x86.Build.0 = Debug|Any CPU
		{CC5CB28F-E68C-4961-B5AD-13E222C504E7}.Release|Any CPU.ActiveCfg = Release|Any CPU
		{CC5CB28F-E68C-4961-B5AD-13E222C504E7}.Release|Any CPU.Build.0 = Release|Any CPU
		{CC5CB28F-E68C-4961-B5AD-13E222C504E7}.Release|ARM.ActiveCfg = Release|Any CPU
		{CC5CB28F-E68C-4961-B5AD-13E222C504E7}.Release|ARM.Build.0 = Release|Any CPU
		{CC5CB28F-E68C-4961-B5AD-13E222C504E7}.Release|iPhone.ActiveCfg = Release|Any CPU
		{CC5CB28F-E68C-4961-B5AD-13E222C504E7}.Release|iPhone.Build.0 = Release|Any CPU
		{CC5CB28F-E68C-4961-B5AD-13E222C504E7}.Release|iPhoneSimulator.ActiveCfg = Release|Any CPU
		{CC5CB28F-E68C-4961-B5AD-13E222C504E7}.Release|iPhoneSimulator.Build.0 = Release|Any CPU
		{CC5CB28F-E68C-4961-B5AD-13E222C504E7}.Release|x64.ActiveCfg = Release|Any CPU
		{CC5CB28F-E68C-4961-B5AD-13E222C504E7}.Release|x64.Build.0 = Release|Any CPU
		{CC5CB28F-E68C-4961-B5AD-13E222C504E7}.Release|x86.ActiveCfg = Release|Any CPU
		{CC5CB28F-E68C-4961-B5AD-13E222C504E7}.Release|x86.Build.0 = Release|Any CPU
		{198DD55A-34A7-4189-8A42-9959EBE4DEC4}.Ad-Hoc|Any CPU.ActiveCfg = Release|Any CPU
		{198DD55A-34A7-4189-8A42-9959EBE4DEC4}.Ad-Hoc|Any CPU.Build.0 = Release|Any CPU
		{198DD55A-34A7-4189-8A42-9959EBE4DEC4}.Ad-Hoc|ARM.ActiveCfg = Release|Any CPU
		{198DD55A-34A7-4189-8A42-9959EBE4DEC4}.Ad-Hoc|ARM.Build.0 = Release|Any CPU
		{198DD55A-34A7-4189-8A42-9959EBE4DEC4}.Ad-Hoc|iPhone.ActiveCfg = Release|Any CPU
		{198DD55A-34A7-4189-8A42-9959EBE4DEC4}.Ad-Hoc|iPhone.Build.0 = Release|Any CPU
		{198DD55A-34A7-4189-8A42-9959EBE4DEC4}.Ad-Hoc|iPhoneSimulator.ActiveCfg = Release|Any CPU
		{198DD55A-34A7-4189-8A42-9959EBE4DEC4}.Ad-Hoc|iPhoneSimulator.Build.0 = Release|Any CPU
		{198DD55A-34A7-4189-8A42-9959EBE4DEC4}.Ad-Hoc|x64.ActiveCfg = Release|Any CPU
		{198DD55A-34A7-4189-8A42-9959EBE4DEC4}.Ad-Hoc|x64.Build.0 = Release|Any CPU
		{198DD55A-34A7-4189-8A42-9959EBE4DEC4}.Ad-Hoc|x86.ActiveCfg = Release|Any CPU
		{198DD55A-34A7-4189-8A42-9959EBE4DEC4}.Ad-Hoc|x86.Build.0 = Release|Any CPU
		{198DD55A-34A7-4189-8A42-9959EBE4DEC4}.AppStore|Any CPU.ActiveCfg = Release|Any CPU
		{198DD55A-34A7-4189-8A42-9959EBE4DEC4}.AppStore|Any CPU.Build.0 = Release|Any CPU
		{198DD55A-34A7-4189-8A42-9959EBE4DEC4}.AppStore|ARM.ActiveCfg = Release|Any CPU
		{198DD55A-34A7-4189-8A42-9959EBE4DEC4}.AppStore|ARM.Build.0 = Release|Any CPU
		{198DD55A-34A7-4189-8A42-9959EBE4DEC4}.AppStore|iPhone.ActiveCfg = Release|Any CPU
		{198DD55A-34A7-4189-8A42-9959EBE4DEC4}.AppStore|iPhone.Build.0 = Release|Any CPU
		{198DD55A-34A7-4189-8A42-9959EBE4DEC4}.AppStore|iPhoneSimulator.ActiveCfg = Release|Any CPU
		{198DD55A-34A7-4189-8A42-9959EBE4DEC4}.AppStore|iPhoneSimulator.Build.0 = Release|Any CPU
		{198DD55A-34A7-4189-8A42-9959EBE4DEC4}.AppStore|x64.ActiveCfg = Release|Any CPU
		{198DD55A-34A7-4189-8A42-9959EBE4DEC4}.AppStore|x64.Build.0 = Release|Any CPU
		{198DD55A-34A7-4189-8A42-9959EBE4DEC4}.AppStore|x86.ActiveCfg = Release|Any CPU
		{198DD55A-34A7-4189-8A42-9959EBE4DEC4}.AppStore|x86.Build.0 = Release|Any CPU
		{198DD55A-34A7-4189-8A42-9959EBE4DEC4}.Debug|Any CPU.ActiveCfg = Debug|Any CPU
		{198DD55A-34A7-4189-8A42-9959EBE4DEC4}.Debug|Any CPU.Build.0 = Debug|Any CPU
		{198DD55A-34A7-4189-8A42-9959EBE4DEC4}.Debug|ARM.ActiveCfg = Debug|Any CPU
		{198DD55A-34A7-4189-8A42-9959EBE4DEC4}.Debug|ARM.Build.0 = Debug|Any CPU
		{198DD55A-34A7-4189-8A42-9959EBE4DEC4}.Debug|iPhone.ActiveCfg = Debug|Any CPU
		{198DD55A-34A7-4189-8A42-9959EBE4DEC4}.Debug|iPhone.Build.0 = Debug|Any CPU
		{198DD55A-34A7-4189-8A42-9959EBE4DEC4}.Debug|iPhoneSimulator.ActiveCfg = Debug|Any CPU
		{198DD55A-34A7-4189-8A42-9959EBE4DEC4}.Debug|iPhoneSimulator.Build.0 = Debug|Any CPU
		{198DD55A-34A7-4189-8A42-9959EBE4DEC4}.Debug|x64.ActiveCfg = Debug|Any CPU
		{198DD55A-34A7-4189-8A42-9959EBE4DEC4}.Debug|x64.Build.0 = Debug|Any CPU
		{198DD55A-34A7-4189-8A42-9959EBE4DEC4}.Debug|x86.ActiveCfg = Debug|Any CPU
		{198DD55A-34A7-4189-8A42-9959EBE4DEC4}.Debug|x86.Build.0 = Debug|Any CPU
		{198DD55A-34A7-4189-8A42-9959EBE4DEC4}.Release|Any CPU.ActiveCfg = Release|Any CPU
		{198DD55A-34A7-4189-8A42-9959EBE4DEC4}.Release|Any CPU.Build.0 = Release|Any CPU
		{198DD55A-34A7-4189-8A42-9959EBE4DEC4}.Release|ARM.ActiveCfg = Release|Any CPU
		{198DD55A-34A7-4189-8A42-9959EBE4DEC4}.Release|ARM.Build.0 = Release|Any CPU
		{198DD55A-34A7-4189-8A42-9959EBE4DEC4}.Release|iPhone.ActiveCfg = Release|Any CPU
		{198DD55A-34A7-4189-8A42-9959EBE4DEC4}.Release|iPhone.Build.0 = Release|Any CPU
		{198DD55A-34A7-4189-8A42-9959EBE4DEC4}.Release|iPhoneSimulator.ActiveCfg = Release|Any CPU
		{198DD55A-34A7-4189-8A42-9959EBE4DEC4}.Release|iPhoneSimulator.Build.0 = Release|Any CPU
		{198DD55A-34A7-4189-8A42-9959EBE4DEC4}.Release|x64.ActiveCfg = Release|Any CPU
		{198DD55A-34A7-4189-8A42-9959EBE4DEC4}.Release|x64.Build.0 = Release|Any CPU
		{198DD55A-34A7-4189-8A42-9959EBE4DEC4}.Release|x86.ActiveCfg = Release|Any CPU
		{198DD55A-34A7-4189-8A42-9959EBE4DEC4}.Release|x86.Build.0 = Release|Any CPU
		{B9075450-D928-45B4-B2BE-BE4EBDAC0366}.Ad-Hoc|Any CPU.ActiveCfg = Release|Any CPU
		{B9075450-D928-45B4-B2BE-BE4EBDAC0366}.Ad-Hoc|Any CPU.Build.0 = Release|Any CPU
		{B9075450-D928-45B4-B2BE-BE4EBDAC0366}.Ad-Hoc|ARM.ActiveCfg = Release|Any CPU
		{B9075450-D928-45B4-B2BE-BE4EBDAC0366}.Ad-Hoc|ARM.Build.0 = Release|Any CPU
		{B9075450-D928-45B4-B2BE-BE4EBDAC0366}.Ad-Hoc|iPhone.ActiveCfg = Release|Any CPU
		{B9075450-D928-45B4-B2BE-BE4EBDAC0366}.Ad-Hoc|iPhone.Build.0 = Release|Any CPU
		{B9075450-D928-45B4-B2BE-BE4EBDAC0366}.Ad-Hoc|iPhoneSimulator.ActiveCfg = Release|Any CPU
		{B9075450-D928-45B4-B2BE-BE4EBDAC0366}.Ad-Hoc|iPhoneSimulator.Build.0 = Release|Any CPU
		{B9075450-D928-45B4-B2BE-BE4EBDAC0366}.Ad-Hoc|x64.ActiveCfg = Release|Any CPU
		{B9075450-D928-45B4-B2BE-BE4EBDAC0366}.Ad-Hoc|x64.Build.0 = Release|Any CPU
		{B9075450-D928-45B4-B2BE-BE4EBDAC0366}.Ad-Hoc|x86.ActiveCfg = Release|Any CPU
		{B9075450-D928-45B4-B2BE-BE4EBDAC0366}.Ad-Hoc|x86.Build.0 = Release|Any CPU
		{B9075450-D928-45B4-B2BE-BE4EBDAC0366}.AppStore|Any CPU.ActiveCfg = Release|Any CPU
		{B9075450-D928-45B4-B2BE-BE4EBDAC0366}.AppStore|Any CPU.Build.0 = Release|Any CPU
		{B9075450-D928-45B4-B2BE-BE4EBDAC0366}.AppStore|ARM.ActiveCfg = Release|Any CPU
		{B9075450-D928-45B4-B2BE-BE4EBDAC0366}.AppStore|ARM.Build.0 = Release|Any CPU
		{B9075450-D928-45B4-B2BE-BE4EBDAC0366}.AppStore|iPhone.ActiveCfg = Release|Any CPU
		{B9075450-D928-45B4-B2BE-BE4EBDAC0366}.AppStore|iPhone.Build.0 = Release|Any CPU
		{B9075450-D928-45B4-B2BE-BE4EBDAC0366}.AppStore|iPhoneSimulator.ActiveCfg = Release|Any CPU
		{B9075450-D928-45B4-B2BE-BE4EBDAC0366}.AppStore|iPhoneSimulator.Build.0 = Release|Any CPU
		{B9075450-D928-45B4-B2BE-BE4EBDAC0366}.AppStore|x64.ActiveCfg = Release|Any CPU
		{B9075450-D928-45B4-B2BE-BE4EBDAC0366}.AppStore|x64.Build.0 = Release|Any CPU
		{B9075450-D928-45B4-B2BE-BE4EBDAC0366}.AppStore|x86.ActiveCfg = Release|Any CPU
		{B9075450-D928-45B4-B2BE-BE4EBDAC0366}.AppStore|x86.Build.0 = Release|Any CPU
		{B9075450-D928-45B4-B2BE-BE4EBDAC0366}.Debug|Any CPU.ActiveCfg = Debug|Any CPU
		{B9075450-D928-45B4-B2BE-BE4EBDAC0366}.Debug|Any CPU.Build.0 = Debug|Any CPU
		{B9075450-D928-45B4-B2BE-BE4EBDAC0366}.Debug|ARM.ActiveCfg = Debug|Any CPU
		{B9075450-D928-45B4-B2BE-BE4EBDAC0366}.Debug|ARM.Build.0 = Debug|Any CPU
		{B9075450-D928-45B4-B2BE-BE4EBDAC0366}.Debug|iPhone.ActiveCfg = Debug|Any CPU
		{B9075450-D928-45B4-B2BE-BE4EBDAC0366}.Debug|iPhone.Build.0 = Debug|Any CPU
		{B9075450-D928-45B4-B2BE-BE4EBDAC0366}.Debug|iPhoneSimulator.ActiveCfg = Debug|Any CPU
		{B9075450-D928-45B4-B2BE-BE4EBDAC0366}.Debug|iPhoneSimulator.Build.0 = Debug|Any CPU
		{B9075450-D928-45B4-B2BE-BE4EBDAC0366}.Debug|x64.ActiveCfg = Debug|Any CPU
		{B9075450-D928-45B4-B2BE-BE4EBDAC0366}.Debug|x64.Build.0 = Debug|Any CPU
		{B9075450-D928-45B4-B2BE-BE4EBDAC0366}.Debug|x86.ActiveCfg = Debug|Any CPU
		{B9075450-D928-45B4-B2BE-BE4EBDAC0366}.Debug|x86.Build.0 = Debug|Any CPU
		{B9075450-D928-45B4-B2BE-BE4EBDAC0366}.Release|Any CPU.ActiveCfg = Release|Any CPU
		{B9075450-D928-45B4-B2BE-BE4EBDAC0366}.Release|Any CPU.Build.0 = Release|Any CPU
		{B9075450-D928-45B4-B2BE-BE4EBDAC0366}.Release|ARM.ActiveCfg = Release|Any CPU
		{B9075450-D928-45B4-B2BE-BE4EBDAC0366}.Release|ARM.Build.0 = Release|Any CPU
		{B9075450-D928-45B4-B2BE-BE4EBDAC0366}.Release|iPhone.ActiveCfg = Release|Any CPU
		{B9075450-D928-45B4-B2BE-BE4EBDAC0366}.Release|iPhone.Build.0 = Release|Any CPU
		{B9075450-D928-45B4-B2BE-BE4EBDAC0366}.Release|iPhoneSimulator.ActiveCfg = Release|Any CPU
		{B9075450-D928-45B4-B2BE-BE4EBDAC0366}.Release|iPhoneSimulator.Build.0 = Release|Any CPU
		{B9075450-D928-45B4-B2BE-BE4EBDAC0366}.Release|x64.ActiveCfg = Release|Any CPU
		{B9075450-D928-45B4-B2BE-BE4EBDAC0366}.Release|x64.Build.0 = Release|Any CPU
		{B9075450-D928-45B4-B2BE-BE4EBDAC0366}.Release|x86.ActiveCfg = Release|Any CPU
		{B9075450-D928-45B4-B2BE-BE4EBDAC0366}.Release|x86.Build.0 = Release|Any CPU
		{19B953FD-1DC2-436B-A8BA-80D096D1EC11}.Ad-Hoc|Any CPU.ActiveCfg = Release|Any CPU
		{19B953FD-1DC2-436B-A8BA-80D096D1EC11}.Ad-Hoc|Any CPU.Build.0 = Release|Any CPU
		{19B953FD-1DC2-436B-A8BA-80D096D1EC11}.Ad-Hoc|ARM.ActiveCfg = Release|Any CPU
		{19B953FD-1DC2-436B-A8BA-80D096D1EC11}.Ad-Hoc|ARM.Build.0 = Release|Any CPU
		{19B953FD-1DC2-436B-A8BA-80D096D1EC11}.Ad-Hoc|iPhone.ActiveCfg = Release|Any CPU
		{19B953FD-1DC2-436B-A8BA-80D096D1EC11}.Ad-Hoc|iPhone.Build.0 = Release|Any CPU
		{19B953FD-1DC2-436B-A8BA-80D096D1EC11}.Ad-Hoc|iPhoneSimulator.ActiveCfg = Release|Any CPU
		{19B953FD-1DC2-436B-A8BA-80D096D1EC11}.Ad-Hoc|iPhoneSimulator.Build.0 = Release|Any CPU
		{19B953FD-1DC2-436B-A8BA-80D096D1EC11}.Ad-Hoc|x64.ActiveCfg = Release|Any CPU
		{19B953FD-1DC2-436B-A8BA-80D096D1EC11}.Ad-Hoc|x64.Build.0 = Release|Any CPU
		{19B953FD-1DC2-436B-A8BA-80D096D1EC11}.Ad-Hoc|x86.ActiveCfg = Release|Any CPU
		{19B953FD-1DC2-436B-A8BA-80D096D1EC11}.Ad-Hoc|x86.Build.0 = Release|Any CPU
		{19B953FD-1DC2-436B-A8BA-80D096D1EC11}.AppStore|Any CPU.ActiveCfg = Release|Any CPU
		{19B953FD-1DC2-436B-A8BA-80D096D1EC11}.AppStore|Any CPU.Build.0 = Release|Any CPU
		{19B953FD-1DC2-436B-A8BA-80D096D1EC11}.AppStore|ARM.ActiveCfg = Release|Any CPU
		{19B953FD-1DC2-436B-A8BA-80D096D1EC11}.AppStore|ARM.Build.0 = Release|Any CPU
		{19B953FD-1DC2-436B-A8BA-80D096D1EC11}.AppStore|iPhone.ActiveCfg = Release|Any CPU
		{19B953FD-1DC2-436B-A8BA-80D096D1EC11}.AppStore|iPhone.Build.0 = Release|Any CPU
		{19B953FD-1DC2-436B-A8BA-80D096D1EC11}.AppStore|iPhoneSimulator.ActiveCfg = Release|Any CPU
		{19B953FD-1DC2-436B-A8BA-80D096D1EC11}.AppStore|iPhoneSimulator.Build.0 = Release|Any CPU
		{19B953FD-1DC2-436B-A8BA-80D096D1EC11}.AppStore|x64.ActiveCfg = Release|Any CPU
		{19B953FD-1DC2-436B-A8BA-80D096D1EC11}.AppStore|x64.Build.0 = Release|Any CPU
		{19B953FD-1DC2-436B-A8BA-80D096D1EC11}.AppStore|x86.ActiveCfg = Release|Any CPU
		{19B953FD-1DC2-436B-A8BA-80D096D1EC11}.AppStore|x86.Build.0 = Release|Any CPU
		{19B953FD-1DC2-436B-A8BA-80D096D1EC11}.Debug|Any CPU.ActiveCfg = Debug|Any CPU
		{19B953FD-1DC2-436B-A8BA-80D096D1EC11}.Debug|Any CPU.Build.0 = Debug|Any CPU
		{19B953FD-1DC2-436B-A8BA-80D096D1EC11}.Debug|ARM.ActiveCfg = Debug|Any CPU
		{19B953FD-1DC2-436B-A8BA-80D096D1EC11}.Debug|ARM.Build.0 = Debug|Any CPU
		{19B953FD-1DC2-436B-A8BA-80D096D1EC11}.Debug|iPhone.ActiveCfg = Debug|Any CPU
		{19B953FD-1DC2-436B-A8BA-80D096D1EC11}.Debug|iPhone.Build.0 = Debug|Any CPU
		{19B953FD-1DC2-436B-A8BA-80D096D1EC11}.Debug|iPhoneSimulator.ActiveCfg = Debug|Any CPU
		{19B953FD-1DC2-436B-A8BA-80D096D1EC11}.Debug|iPhoneSimulator.Build.0 = Debug|Any CPU
		{19B953FD-1DC2-436B-A8BA-80D096D1EC11}.Debug|x64.ActiveCfg = Debug|Any CPU
		{19B953FD-1DC2-436B-A8BA-80D096D1EC11}.Debug|x64.Build.0 = Debug|Any CPU
		{19B953FD-1DC2-436B-A8BA-80D096D1EC11}.Debug|x86.ActiveCfg = Debug|Any CPU
		{19B953FD-1DC2-436B-A8BA-80D096D1EC11}.Debug|x86.Build.0 = Debug|Any CPU
		{19B953FD-1DC2-436B-A8BA-80D096D1EC11}.Release|Any CPU.ActiveCfg = Release|Any CPU
		{19B953FD-1DC2-436B-A8BA-80D096D1EC11}.Release|Any CPU.Build.0 = Release|Any CPU
		{19B953FD-1DC2-436B-A8BA-80D096D1EC11}.Release|ARM.ActiveCfg = Release|Any CPU
		{19B953FD-1DC2-436B-A8BA-80D096D1EC11}.Release|ARM.Build.0 = Release|Any CPU
		{19B953FD-1DC2-436B-A8BA-80D096D1EC11}.Release|iPhone.ActiveCfg = Release|Any CPU
		{19B953FD-1DC2-436B-A8BA-80D096D1EC11}.Release|iPhone.Build.0 = Release|Any CPU
		{19B953FD-1DC2-436B-A8BA-80D096D1EC11}.Release|iPhoneSimulator.ActiveCfg = Release|Any CPU
		{19B953FD-1DC2-436B-A8BA-80D096D1EC11}.Release|iPhoneSimulator.Build.0 = Release|Any CPU
		{19B953FD-1DC2-436B-A8BA-80D096D1EC11}.Release|x64.ActiveCfg = Release|Any CPU
		{19B953FD-1DC2-436B-A8BA-80D096D1EC11}.Release|x64.Build.0 = Release|Any CPU
		{19B953FD-1DC2-436B-A8BA-80D096D1EC11}.Release|x86.ActiveCfg = Release|Any CPU
		{19B953FD-1DC2-436B-A8BA-80D096D1EC11}.Release|x86.Build.0 = Release|Any CPU
		{2B504A17-FF9F-4A56-9DBD-3557B890E49A}.Ad-Hoc|Any CPU.ActiveCfg = Release|Any CPU
		{2B504A17-FF9F-4A56-9DBD-3557B890E49A}.Ad-Hoc|Any CPU.Build.0 = Release|Any CPU
		{2B504A17-FF9F-4A56-9DBD-3557B890E49A}.Ad-Hoc|ARM.ActiveCfg = Release|Any CPU
		{2B504A17-FF9F-4A56-9DBD-3557B890E49A}.Ad-Hoc|ARM.Build.0 = Release|Any CPU
		{2B504A17-FF9F-4A56-9DBD-3557B890E49A}.Ad-Hoc|iPhone.ActiveCfg = Release|Any CPU
		{2B504A17-FF9F-4A56-9DBD-3557B890E49A}.Ad-Hoc|iPhone.Build.0 = Release|Any CPU
		{2B504A17-FF9F-4A56-9DBD-3557B890E49A}.Ad-Hoc|iPhoneSimulator.ActiveCfg = Release|Any CPU
		{2B504A17-FF9F-4A56-9DBD-3557B890E49A}.Ad-Hoc|iPhoneSimulator.Build.0 = Release|Any CPU
		{2B504A17-FF9F-4A56-9DBD-3557B890E49A}.Ad-Hoc|x64.ActiveCfg = Release|Any CPU
		{2B504A17-FF9F-4A56-9DBD-3557B890E49A}.Ad-Hoc|x64.Build.0 = Release|Any CPU
		{2B504A17-FF9F-4A56-9DBD-3557B890E49A}.Ad-Hoc|x86.ActiveCfg = Release|Any CPU
		{2B504A17-FF9F-4A56-9DBD-3557B890E49A}.Ad-Hoc|x86.Build.0 = Release|Any CPU
		{2B504A17-FF9F-4A56-9DBD-3557B890E49A}.AppStore|Any CPU.ActiveCfg = Release|Any CPU
		{2B504A17-FF9F-4A56-9DBD-3557B890E49A}.AppStore|Any CPU.Build.0 = Release|Any CPU
		{2B504A17-FF9F-4A56-9DBD-3557B890E49A}.AppStore|ARM.ActiveCfg = Release|Any CPU
		{2B504A17-FF9F-4A56-9DBD-3557B890E49A}.AppStore|ARM.Build.0 = Release|Any CPU
		{2B504A17-FF9F-4A56-9DBD-3557B890E49A}.AppStore|iPhone.ActiveCfg = Release|Any CPU
		{2B504A17-FF9F-4A56-9DBD-3557B890E49A}.AppStore|iPhone.Build.0 = Release|Any CPU
		{2B504A17-FF9F-4A56-9DBD-3557B890E49A}.AppStore|iPhoneSimulator.ActiveCfg = Release|Any CPU
		{2B504A17-FF9F-4A56-9DBD-3557B890E49A}.AppStore|iPhoneSimulator.Build.0 = Release|Any CPU
		{2B504A17-FF9F-4A56-9DBD-3557B890E49A}.AppStore|x64.ActiveCfg = Release|Any CPU
		{2B504A17-FF9F-4A56-9DBD-3557B890E49A}.AppStore|x64.Build.0 = Release|Any CPU
		{2B504A17-FF9F-4A56-9DBD-3557B890E49A}.AppStore|x86.ActiveCfg = Release|Any CPU
		{2B504A17-FF9F-4A56-9DBD-3557B890E49A}.AppStore|x86.Build.0 = Release|Any CPU
		{2B504A17-FF9F-4A56-9DBD-3557B890E49A}.Debug|Any CPU.ActiveCfg = Debug|Any CPU
		{2B504A17-FF9F-4A56-9DBD-3557B890E49A}.Debug|Any CPU.Build.0 = Debug|Any CPU
		{2B504A17-FF9F-4A56-9DBD-3557B890E49A}.Debug|ARM.ActiveCfg = Debug|Any CPU
		{2B504A17-FF9F-4A56-9DBD-3557B890E49A}.Debug|ARM.Build.0 = Debug|Any CPU
		{2B504A17-FF9F-4A56-9DBD-3557B890E49A}.Debug|iPhone.ActiveCfg = Debug|Any CPU
		{2B504A17-FF9F-4A56-9DBD-3557B890E49A}.Debug|iPhone.Build.0 = Debug|Any CPU
		{2B504A17-FF9F-4A56-9DBD-3557B890E49A}.Debug|iPhoneSimulator.ActiveCfg = Debug|Any CPU
		{2B504A17-FF9F-4A56-9DBD-3557B890E49A}.Debug|iPhoneSimulator.Build.0 = Debug|Any CPU
		{2B504A17-FF9F-4A56-9DBD-3557B890E49A}.Debug|x64.ActiveCfg = Debug|Any CPU
		{2B504A17-FF9F-4A56-9DBD-3557B890E49A}.Debug|x64.Build.0 = Debug|Any CPU
		{2B504A17-FF9F-4A56-9DBD-3557B890E49A}.Debug|x86.ActiveCfg = Debug|Any CPU
		{2B504A17-FF9F-4A56-9DBD-3557B890E49A}.Debug|x86.Build.0 = Debug|Any CPU
		{2B504A17-FF9F-4A56-9DBD-3557B890E49A}.Release|Any CPU.ActiveCfg = Release|Any CPU
		{2B504A17-FF9F-4A56-9DBD-3557B890E49A}.Release|Any CPU.Build.0 = Release|Any CPU
		{2B504A17-FF9F-4A56-9DBD-3557B890E49A}.Release|ARM.ActiveCfg = Release|Any CPU
		{2B504A17-FF9F-4A56-9DBD-3557B890E49A}.Release|ARM.Build.0 = Release|Any CPU
		{2B504A17-FF9F-4A56-9DBD-3557B890E49A}.Release|iPhone.ActiveCfg = Release|Any CPU
		{2B504A17-FF9F-4A56-9DBD-3557B890E49A}.Release|iPhone.Build.0 = Release|Any CPU
		{2B504A17-FF9F-4A56-9DBD-3557B890E49A}.Release|iPhoneSimulator.ActiveCfg = Release|Any CPU
		{2B504A17-FF9F-4A56-9DBD-3557B890E49A}.Release|iPhoneSimulator.Build.0 = Release|Any CPU
		{2B504A17-FF9F-4A56-9DBD-3557B890E49A}.Release|x64.ActiveCfg = Release|Any CPU
		{2B504A17-FF9F-4A56-9DBD-3557B890E49A}.Release|x64.Build.0 = Release|Any CPU
		{2B504A17-FF9F-4A56-9DBD-3557B890E49A}.Release|x86.ActiveCfg = Release|Any CPU
		{2B504A17-FF9F-4A56-9DBD-3557B890E49A}.Release|x86.Build.0 = Release|Any CPU
		{70E4699F-01F2-4A80-A807-F8F2F692362C}.Ad-Hoc|Any CPU.ActiveCfg = Ad-Hoc|iPhone
		{70E4699F-01F2-4A80-A807-F8F2F692362C}.Ad-Hoc|ARM.ActiveCfg = Ad-Hoc|iPhone
		{70E4699F-01F2-4A80-A807-F8F2F692362C}.Ad-Hoc|iPhone.ActiveCfg = Ad-Hoc|iPhone
		{70E4699F-01F2-4A80-A807-F8F2F692362C}.Ad-Hoc|iPhone.Build.0 = Ad-Hoc|iPhone
		{70E4699F-01F2-4A80-A807-F8F2F692362C}.Ad-Hoc|iPhoneSimulator.ActiveCfg = Ad-Hoc|iPhoneSimulator
		{70E4699F-01F2-4A80-A807-F8F2F692362C}.Ad-Hoc|iPhoneSimulator.Build.0 = Ad-Hoc|iPhoneSimulator
		{70E4699F-01F2-4A80-A807-F8F2F692362C}.Ad-Hoc|x64.ActiveCfg = Ad-Hoc|iPhone
		{70E4699F-01F2-4A80-A807-F8F2F692362C}.Ad-Hoc|x86.ActiveCfg = Ad-Hoc|iPhone
		{70E4699F-01F2-4A80-A807-F8F2F692362C}.AppStore|Any CPU.ActiveCfg = AppStore|iPhone
		{70E4699F-01F2-4A80-A807-F8F2F692362C}.AppStore|ARM.ActiveCfg = AppStore|iPhone
		{70E4699F-01F2-4A80-A807-F8F2F692362C}.AppStore|iPhone.ActiveCfg = AppStore|iPhone
		{70E4699F-01F2-4A80-A807-F8F2F692362C}.AppStore|iPhone.Build.0 = AppStore|iPhone
		{70E4699F-01F2-4A80-A807-F8F2F692362C}.AppStore|iPhoneSimulator.ActiveCfg = AppStore|iPhoneSimulator
		{70E4699F-01F2-4A80-A807-F8F2F692362C}.AppStore|iPhoneSimulator.Build.0 = AppStore|iPhoneSimulator
		{70E4699F-01F2-4A80-A807-F8F2F692362C}.AppStore|x64.ActiveCfg = AppStore|iPhone
		{70E4699F-01F2-4A80-A807-F8F2F692362C}.AppStore|x86.ActiveCfg = AppStore|iPhone
		{70E4699F-01F2-4A80-A807-F8F2F692362C}.Debug|Any CPU.ActiveCfg = Debug|iPhone
		{70E4699F-01F2-4A80-A807-F8F2F692362C}.Debug|ARM.ActiveCfg = Debug|iPhone
		{70E4699F-01F2-4A80-A807-F8F2F692362C}.Debug|iPhone.ActiveCfg = Debug|iPhone
		{70E4699F-01F2-4A80-A807-F8F2F692362C}.Debug|iPhone.Build.0 = Debug|iPhone
		{70E4699F-01F2-4A80-A807-F8F2F692362C}.Debug|iPhoneSimulator.ActiveCfg = Debug|iPhoneSimulator
		{70E4699F-01F2-4A80-A807-F8F2F692362C}.Debug|iPhoneSimulator.Build.0 = Debug|iPhoneSimulator
		{70E4699F-01F2-4A80-A807-F8F2F692362C}.Debug|x64.ActiveCfg = Debug|iPhone
		{70E4699F-01F2-4A80-A807-F8F2F692362C}.Debug|x86.ActiveCfg = Debug|iPhone
		{70E4699F-01F2-4A80-A807-F8F2F692362C}.Release|Any CPU.ActiveCfg = Release|iPhone
		{70E4699F-01F2-4A80-A807-F8F2F692362C}.Release|ARM.ActiveCfg = Release|iPhone
		{70E4699F-01F2-4A80-A807-F8F2F692362C}.Release|iPhone.ActiveCfg = Release|iPhone
		{70E4699F-01F2-4A80-A807-F8F2F692362C}.Release|iPhone.Build.0 = Release|iPhone
		{70E4699F-01F2-4A80-A807-F8F2F692362C}.Release|iPhoneSimulator.ActiveCfg = Release|iPhoneSimulator
		{70E4699F-01F2-4A80-A807-F8F2F692362C}.Release|iPhoneSimulator.Build.0 = Release|iPhoneSimulator
		{70E4699F-01F2-4A80-A807-F8F2F692362C}.Release|x64.ActiveCfg = Release|iPhone
		{70E4699F-01F2-4A80-A807-F8F2F692362C}.Release|x86.ActiveCfg = Release|iPhone
		{CF2A2FA6-B388-413F-B4C2-5E208F189A00}.Ad-Hoc|Any CPU.ActiveCfg = Release|Any CPU
		{CF2A2FA6-B388-413F-B4C2-5E208F189A00}.Ad-Hoc|Any CPU.Build.0 = Release|Any CPU
		{CF2A2FA6-B388-413F-B4C2-5E208F189A00}.Ad-Hoc|Any CPU.Deploy.0 = Release|Any CPU
		{CF2A2FA6-B388-413F-B4C2-5E208F189A00}.Ad-Hoc|ARM.ActiveCfg = Release|Any CPU
		{CF2A2FA6-B388-413F-B4C2-5E208F189A00}.Ad-Hoc|ARM.Build.0 = Release|Any CPU
		{CF2A2FA6-B388-413F-B4C2-5E208F189A00}.Ad-Hoc|ARM.Deploy.0 = Release|Any CPU
		{CF2A2FA6-B388-413F-B4C2-5E208F189A00}.Ad-Hoc|iPhone.ActiveCfg = Release|Any CPU
		{CF2A2FA6-B388-413F-B4C2-5E208F189A00}.Ad-Hoc|iPhone.Build.0 = Release|Any CPU
		{CF2A2FA6-B388-413F-B4C2-5E208F189A00}.Ad-Hoc|iPhone.Deploy.0 = Release|Any CPU
		{CF2A2FA6-B388-413F-B4C2-5E208F189A00}.Ad-Hoc|iPhoneSimulator.ActiveCfg = Release|Any CPU
		{CF2A2FA6-B388-413F-B4C2-5E208F189A00}.Ad-Hoc|iPhoneSimulator.Build.0 = Release|Any CPU
		{CF2A2FA6-B388-413F-B4C2-5E208F189A00}.Ad-Hoc|iPhoneSimulator.Deploy.0 = Release|Any CPU
		{CF2A2FA6-B388-413F-B4C2-5E208F189A00}.Ad-Hoc|x64.ActiveCfg = Release|Any CPU
		{CF2A2FA6-B388-413F-B4C2-5E208F189A00}.Ad-Hoc|x64.Build.0 = Release|Any CPU
		{CF2A2FA6-B388-413F-B4C2-5E208F189A00}.Ad-Hoc|x64.Deploy.0 = Release|Any CPU
		{CF2A2FA6-B388-413F-B4C2-5E208F189A00}.Ad-Hoc|x86.ActiveCfg = Release|Any CPU
		{CF2A2FA6-B388-413F-B4C2-5E208F189A00}.Ad-Hoc|x86.Build.0 = Release|Any CPU
		{CF2A2FA6-B388-413F-B4C2-5E208F189A00}.Ad-Hoc|x86.Deploy.0 = Release|Any CPU
		{CF2A2FA6-B388-413F-B4C2-5E208F189A00}.AppStore|Any CPU.ActiveCfg = Release|Any CPU
		{CF2A2FA6-B388-413F-B4C2-5E208F189A00}.AppStore|Any CPU.Build.0 = Release|Any CPU
		{CF2A2FA6-B388-413F-B4C2-5E208F189A00}.AppStore|Any CPU.Deploy.0 = Release|Any CPU
		{CF2A2FA6-B388-413F-B4C2-5E208F189A00}.AppStore|ARM.ActiveCfg = Release|Any CPU
		{CF2A2FA6-B388-413F-B4C2-5E208F189A00}.AppStore|ARM.Build.0 = Release|Any CPU
		{CF2A2FA6-B388-413F-B4C2-5E208F189A00}.AppStore|ARM.Deploy.0 = Release|Any CPU
		{CF2A2FA6-B388-413F-B4C2-5E208F189A00}.AppStore|iPhone.ActiveCfg = Release|Any CPU
		{CF2A2FA6-B388-413F-B4C2-5E208F189A00}.AppStore|iPhone.Build.0 = Release|Any CPU
		{CF2A2FA6-B388-413F-B4C2-5E208F189A00}.AppStore|iPhone.Deploy.0 = Release|Any CPU
		{CF2A2FA6-B388-413F-B4C2-5E208F189A00}.AppStore|iPhoneSimulator.ActiveCfg = Release|Any CPU
		{CF2A2FA6-B388-413F-B4C2-5E208F189A00}.AppStore|iPhoneSimulator.Build.0 = Release|Any CPU
		{CF2A2FA6-B388-413F-B4C2-5E208F189A00}.AppStore|iPhoneSimulator.Deploy.0 = Release|Any CPU
		{CF2A2FA6-B388-413F-B4C2-5E208F189A00}.AppStore|x64.ActiveCfg = Release|Any CPU
		{CF2A2FA6-B388-413F-B4C2-5E208F189A00}.AppStore|x64.Build.0 = Release|Any CPU
		{CF2A2FA6-B388-413F-B4C2-5E208F189A00}.AppStore|x64.Deploy.0 = Release|Any CPU
		{CF2A2FA6-B388-413F-B4C2-5E208F189A00}.AppStore|x86.ActiveCfg = Release|Any CPU
		{CF2A2FA6-B388-413F-B4C2-5E208F189A00}.AppStore|x86.Build.0 = Release|Any CPU
		{CF2A2FA6-B388-413F-B4C2-5E208F189A00}.AppStore|x86.Deploy.0 = Release|Any CPU
		{CF2A2FA6-B388-413F-B4C2-5E208F189A00}.Debug|Any CPU.ActiveCfg = Debug|Any CPU
		{CF2A2FA6-B388-413F-B4C2-5E208F189A00}.Debug|Any CPU.Build.0 = Debug|Any CPU
		{CF2A2FA6-B388-413F-B4C2-5E208F189A00}.Debug|Any CPU.Deploy.0 = Debug|Any CPU
		{CF2A2FA6-B388-413F-B4C2-5E208F189A00}.Debug|ARM.ActiveCfg = Debug|Any CPU
		{CF2A2FA6-B388-413F-B4C2-5E208F189A00}.Debug|ARM.Build.0 = Debug|Any CPU
		{CF2A2FA6-B388-413F-B4C2-5E208F189A00}.Debug|ARM.Deploy.0 = Debug|Any CPU
		{CF2A2FA6-B388-413F-B4C2-5E208F189A00}.Debug|iPhone.ActiveCfg = Debug|Any CPU
		{CF2A2FA6-B388-413F-B4C2-5E208F189A00}.Debug|iPhone.Build.0 = Debug|Any CPU
		{CF2A2FA6-B388-413F-B4C2-5E208F189A00}.Debug|iPhone.Deploy.0 = Debug|Any CPU
		{CF2A2FA6-B388-413F-B4C2-5E208F189A00}.Debug|iPhoneSimulator.ActiveCfg = Debug|Any CPU
		{CF2A2FA6-B388-413F-B4C2-5E208F189A00}.Debug|iPhoneSimulator.Build.0 = Debug|Any CPU
		{CF2A2FA6-B388-413F-B4C2-5E208F189A00}.Debug|iPhoneSimulator.Deploy.0 = Debug|Any CPU
		{CF2A2FA6-B388-413F-B4C2-5E208F189A00}.Debug|x64.ActiveCfg = Debug|Any CPU
		{CF2A2FA6-B388-413F-B4C2-5E208F189A00}.Debug|x64.Build.0 = Debug|Any CPU
		{CF2A2FA6-B388-413F-B4C2-5E208F189A00}.Debug|x64.Deploy.0 = Debug|Any CPU
		{CF2A2FA6-B388-413F-B4C2-5E208F189A00}.Debug|x86.ActiveCfg = Debug|Any CPU
		{CF2A2FA6-B388-413F-B4C2-5E208F189A00}.Debug|x86.Build.0 = Debug|Any CPU
		{CF2A2FA6-B388-413F-B4C2-5E208F189A00}.Debug|x86.Deploy.0 = Debug|Any CPU
		{CF2A2FA6-B388-413F-B4C2-5E208F189A00}.Release|Any CPU.ActiveCfg = Release|Any CPU
		{CF2A2FA6-B388-413F-B4C2-5E208F189A00}.Release|Any CPU.Build.0 = Release|Any CPU
		{CF2A2FA6-B388-413F-B4C2-5E208F189A00}.Release|Any CPU.Deploy.0 = Release|Any CPU
		{CF2A2FA6-B388-413F-B4C2-5E208F189A00}.Release|ARM.ActiveCfg = Release|Any CPU
		{CF2A2FA6-B388-413F-B4C2-5E208F189A00}.Release|ARM.Build.0 = Release|Any CPU
		{CF2A2FA6-B388-413F-B4C2-5E208F189A00}.Release|ARM.Deploy.0 = Release|Any CPU
		{CF2A2FA6-B388-413F-B4C2-5E208F189A00}.Release|iPhone.ActiveCfg = Release|Any CPU
		{CF2A2FA6-B388-413F-B4C2-5E208F189A00}.Release|iPhone.Build.0 = Release|Any CPU
		{CF2A2FA6-B388-413F-B4C2-5E208F189A00}.Release|iPhone.Deploy.0 = Release|Any CPU
		{CF2A2FA6-B388-413F-B4C2-5E208F189A00}.Release|iPhoneSimulator.ActiveCfg = Release|Any CPU
		{CF2A2FA6-B388-413F-B4C2-5E208F189A00}.Release|iPhoneSimulator.Build.0 = Release|Any CPU
		{CF2A2FA6-B388-413F-B4C2-5E208F189A00}.Release|iPhoneSimulator.Deploy.0 = Release|Any CPU
		{CF2A2FA6-B388-413F-B4C2-5E208F189A00}.Release|x64.ActiveCfg = Release|Any CPU
		{CF2A2FA6-B388-413F-B4C2-5E208F189A00}.Release|x64.Build.0 = Release|Any CPU
		{CF2A2FA6-B388-413F-B4C2-5E208F189A00}.Release|x64.Deploy.0 = Release|Any CPU
		{CF2A2FA6-B388-413F-B4C2-5E208F189A00}.Release|x86.ActiveCfg = Release|Any CPU
		{CF2A2FA6-B388-413F-B4C2-5E208F189A00}.Release|x86.Build.0 = Release|Any CPU
		{CF2A2FA6-B388-413F-B4C2-5E208F189A00}.Release|x86.Deploy.0 = Release|Any CPU
		{B9F20D66-84FE-4DD9-96E5-AF055AA2F632}.Ad-Hoc|Any CPU.ActiveCfg = Release|x86
		{B9F20D66-84FE-4DD9-96E5-AF055AA2F632}.Ad-Hoc|Any CPU.Build.0 = Release|x86
		{B9F20D66-84FE-4DD9-96E5-AF055AA2F632}.Ad-Hoc|Any CPU.Deploy.0 = Release|x86
		{B9F20D66-84FE-4DD9-96E5-AF055AA2F632}.Ad-Hoc|ARM.ActiveCfg = Release|ARM
		{B9F20D66-84FE-4DD9-96E5-AF055AA2F632}.Ad-Hoc|ARM.Build.0 = Release|ARM
		{B9F20D66-84FE-4DD9-96E5-AF055AA2F632}.Ad-Hoc|ARM.Deploy.0 = Release|ARM
		{B9F20D66-84FE-4DD9-96E5-AF055AA2F632}.Ad-Hoc|iPhone.ActiveCfg = Release|x86
		{B9F20D66-84FE-4DD9-96E5-AF055AA2F632}.Ad-Hoc|iPhone.Build.0 = Release|x86
		{B9F20D66-84FE-4DD9-96E5-AF055AA2F632}.Ad-Hoc|iPhone.Deploy.0 = Release|x86
		{B9F20D66-84FE-4DD9-96E5-AF055AA2F632}.Ad-Hoc|iPhoneSimulator.ActiveCfg = Release|x86
		{B9F20D66-84FE-4DD9-96E5-AF055AA2F632}.Ad-Hoc|iPhoneSimulator.Build.0 = Release|x86
		{B9F20D66-84FE-4DD9-96E5-AF055AA2F632}.Ad-Hoc|iPhoneSimulator.Deploy.0 = Release|x86
		{B9F20D66-84FE-4DD9-96E5-AF055AA2F632}.Ad-Hoc|x64.ActiveCfg = Release|x64
		{B9F20D66-84FE-4DD9-96E5-AF055AA2F632}.Ad-Hoc|x64.Build.0 = Release|x64
		{B9F20D66-84FE-4DD9-96E5-AF055AA2F632}.Ad-Hoc|x64.Deploy.0 = Release|x64
		{B9F20D66-84FE-4DD9-96E5-AF055AA2F632}.Ad-Hoc|x86.ActiveCfg = Release|x86
		{B9F20D66-84FE-4DD9-96E5-AF055AA2F632}.Ad-Hoc|x86.Build.0 = Release|x86
		{B9F20D66-84FE-4DD9-96E5-AF055AA2F632}.Ad-Hoc|x86.Deploy.0 = Release|x86
		{B9F20D66-84FE-4DD9-96E5-AF055AA2F632}.AppStore|Any CPU.ActiveCfg = Release|x86
		{B9F20D66-84FE-4DD9-96E5-AF055AA2F632}.AppStore|Any CPU.Build.0 = Release|x86
		{B9F20D66-84FE-4DD9-96E5-AF055AA2F632}.AppStore|Any CPU.Deploy.0 = Release|x86
		{B9F20D66-84FE-4DD9-96E5-AF055AA2F632}.AppStore|ARM.ActiveCfg = Release|ARM
		{B9F20D66-84FE-4DD9-96E5-AF055AA2F632}.AppStore|ARM.Build.0 = Release|ARM
		{B9F20D66-84FE-4DD9-96E5-AF055AA2F632}.AppStore|ARM.Deploy.0 = Release|ARM
		{B9F20D66-84FE-4DD9-96E5-AF055AA2F632}.AppStore|iPhone.ActiveCfg = Release|x86
		{B9F20D66-84FE-4DD9-96E5-AF055AA2F632}.AppStore|iPhone.Build.0 = Release|x86
		{B9F20D66-84FE-4DD9-96E5-AF055AA2F632}.AppStore|iPhone.Deploy.0 = Release|x86
		{B9F20D66-84FE-4DD9-96E5-AF055AA2F632}.AppStore|iPhoneSimulator.ActiveCfg = Release|x86
		{B9F20D66-84FE-4DD9-96E5-AF055AA2F632}.AppStore|iPhoneSimulator.Build.0 = Release|x86
		{B9F20D66-84FE-4DD9-96E5-AF055AA2F632}.AppStore|iPhoneSimulator.Deploy.0 = Release|x86
		{B9F20D66-84FE-4DD9-96E5-AF055AA2F632}.AppStore|x64.ActiveCfg = Release|x64
		{B9F20D66-84FE-4DD9-96E5-AF055AA2F632}.AppStore|x64.Build.0 = Release|x64
		{B9F20D66-84FE-4DD9-96E5-AF055AA2F632}.AppStore|x64.Deploy.0 = Release|x64
		{B9F20D66-84FE-4DD9-96E5-AF055AA2F632}.AppStore|x86.ActiveCfg = Release|x86
		{B9F20D66-84FE-4DD9-96E5-AF055AA2F632}.AppStore|x86.Build.0 = Release|x86
		{B9F20D66-84FE-4DD9-96E5-AF055AA2F632}.AppStore|x86.Deploy.0 = Release|x86
		{B9F20D66-84FE-4DD9-96E5-AF055AA2F632}.Debug|Any CPU.ActiveCfg = Debug|x86
		{B9F20D66-84FE-4DD9-96E5-AF055AA2F632}.Debug|ARM.ActiveCfg = Debug|ARM
		{B9F20D66-84FE-4DD9-96E5-AF055AA2F632}.Debug|ARM.Build.0 = Debug|ARM
		{B9F20D66-84FE-4DD9-96E5-AF055AA2F632}.Debug|ARM.Deploy.0 = Debug|ARM
		{B9F20D66-84FE-4DD9-96E5-AF055AA2F632}.Debug|iPhone.ActiveCfg = Debug|x86
		{B9F20D66-84FE-4DD9-96E5-AF055AA2F632}.Debug|iPhoneSimulator.ActiveCfg = Debug|x86
		{B9F20D66-84FE-4DD9-96E5-AF055AA2F632}.Debug|x64.ActiveCfg = Debug|x64
		{B9F20D66-84FE-4DD9-96E5-AF055AA2F632}.Debug|x64.Build.0 = Debug|x64
		{B9F20D66-84FE-4DD9-96E5-AF055AA2F632}.Debug|x64.Deploy.0 = Debug|x64
		{B9F20D66-84FE-4DD9-96E5-AF055AA2F632}.Debug|x86.ActiveCfg = Debug|x86
		{B9F20D66-84FE-4DD9-96E5-AF055AA2F632}.Debug|x86.Build.0 = Debug|x86
		{B9F20D66-84FE-4DD9-96E5-AF055AA2F632}.Debug|x86.Deploy.0 = Debug|x86
		{B9F20D66-84FE-4DD9-96E5-AF055AA2F632}.Release|Any CPU.ActiveCfg = Release|x86
		{B9F20D66-84FE-4DD9-96E5-AF055AA2F632}.Release|ARM.ActiveCfg = Release|ARM
		{B9F20D66-84FE-4DD9-96E5-AF055AA2F632}.Release|ARM.Build.0 = Release|ARM
		{B9F20D66-84FE-4DD9-96E5-AF055AA2F632}.Release|ARM.Deploy.0 = Release|ARM
		{B9F20D66-84FE-4DD9-96E5-AF055AA2F632}.Release|iPhone.ActiveCfg = Release|x86
		{B9F20D66-84FE-4DD9-96E5-AF055AA2F632}.Release|iPhoneSimulator.ActiveCfg = Release|x86
		{B9F20D66-84FE-4DD9-96E5-AF055AA2F632}.Release|x64.ActiveCfg = Release|x64
		{B9F20D66-84FE-4DD9-96E5-AF055AA2F632}.Release|x64.Build.0 = Release|x64
		{B9F20D66-84FE-4DD9-96E5-AF055AA2F632}.Release|x64.Deploy.0 = Release|x64
		{B9F20D66-84FE-4DD9-96E5-AF055AA2F632}.Release|x86.ActiveCfg = Release|x86
		{B9F20D66-84FE-4DD9-96E5-AF055AA2F632}.Release|x86.Build.0 = Release|x86
		{B9F20D66-84FE-4DD9-96E5-AF055AA2F632}.Release|x86.Deploy.0 = Release|x86
		{3762CC0E-6C4A-426C-AAFA-F4912BC18738}.Ad-Hoc|Any CPU.ActiveCfg = Release|Any CPU
		{3762CC0E-6C4A-426C-AAFA-F4912BC18738}.Ad-Hoc|Any CPU.Build.0 = Release|Any CPU
		{3762CC0E-6C4A-426C-AAFA-F4912BC18738}.Ad-Hoc|ARM.ActiveCfg = Release|Any CPU
		{3762CC0E-6C4A-426C-AAFA-F4912BC18738}.Ad-Hoc|ARM.Build.0 = Release|Any CPU
		{3762CC0E-6C4A-426C-AAFA-F4912BC18738}.Ad-Hoc|iPhone.ActiveCfg = Release|Any CPU
		{3762CC0E-6C4A-426C-AAFA-F4912BC18738}.Ad-Hoc|iPhone.Build.0 = Release|Any CPU
		{3762CC0E-6C4A-426C-AAFA-F4912BC18738}.Ad-Hoc|iPhoneSimulator.ActiveCfg = Release|Any CPU
		{3762CC0E-6C4A-426C-AAFA-F4912BC18738}.Ad-Hoc|iPhoneSimulator.Build.0 = Release|Any CPU
		{3762CC0E-6C4A-426C-AAFA-F4912BC18738}.Ad-Hoc|x64.ActiveCfg = Release|Any CPU
		{3762CC0E-6C4A-426C-AAFA-F4912BC18738}.Ad-Hoc|x64.Build.0 = Release|Any CPU
		{3762CC0E-6C4A-426C-AAFA-F4912BC18738}.Ad-Hoc|x86.ActiveCfg = Release|Any CPU
		{3762CC0E-6C4A-426C-AAFA-F4912BC18738}.Ad-Hoc|x86.Build.0 = Release|Any CPU
		{3762CC0E-6C4A-426C-AAFA-F4912BC18738}.AppStore|Any CPU.ActiveCfg = Release|Any CPU
		{3762CC0E-6C4A-426C-AAFA-F4912BC18738}.AppStore|Any CPU.Build.0 = Release|Any CPU
		{3762CC0E-6C4A-426C-AAFA-F4912BC18738}.AppStore|ARM.ActiveCfg = Release|Any CPU
		{3762CC0E-6C4A-426C-AAFA-F4912BC18738}.AppStore|ARM.Build.0 = Release|Any CPU
		{3762CC0E-6C4A-426C-AAFA-F4912BC18738}.AppStore|iPhone.ActiveCfg = Release|Any CPU
		{3762CC0E-6C4A-426C-AAFA-F4912BC18738}.AppStore|iPhone.Build.0 = Release|Any CPU
		{3762CC0E-6C4A-426C-AAFA-F4912BC18738}.AppStore|iPhoneSimulator.ActiveCfg = Release|Any CPU
		{3762CC0E-6C4A-426C-AAFA-F4912BC18738}.AppStore|iPhoneSimulator.Build.0 = Release|Any CPU
		{3762CC0E-6C4A-426C-AAFA-F4912BC18738}.AppStore|x64.ActiveCfg = Release|Any CPU
		{3762CC0E-6C4A-426C-AAFA-F4912BC18738}.AppStore|x64.Build.0 = Release|Any CPU
		{3762CC0E-6C4A-426C-AAFA-F4912BC18738}.AppStore|x86.ActiveCfg = Release|Any CPU
		{3762CC0E-6C4A-426C-AAFA-F4912BC18738}.AppStore|x86.Build.0 = Release|Any CPU
		{3762CC0E-6C4A-426C-AAFA-F4912BC18738}.Debug|Any CPU.ActiveCfg = Debug|Any CPU
		{3762CC0E-6C4A-426C-AAFA-F4912BC18738}.Debug|Any CPU.Build.0 = Debug|Any CPU
		{3762CC0E-6C4A-426C-AAFA-F4912BC18738}.Debug|ARM.ActiveCfg = Debug|Any CPU
		{3762CC0E-6C4A-426C-AAFA-F4912BC18738}.Debug|ARM.Build.0 = Debug|Any CPU
		{3762CC0E-6C4A-426C-AAFA-F4912BC18738}.Debug|iPhone.ActiveCfg = Debug|Any CPU
		{3762CC0E-6C4A-426C-AAFA-F4912BC18738}.Debug|iPhone.Build.0 = Debug|Any CPU
		{3762CC0E-6C4A-426C-AAFA-F4912BC18738}.Debug|iPhoneSimulator.ActiveCfg = Debug|Any CPU
		{3762CC0E-6C4A-426C-AAFA-F4912BC18738}.Debug|iPhoneSimulator.Build.0 = Debug|Any CPU
		{3762CC0E-6C4A-426C-AAFA-F4912BC18738}.Debug|x64.ActiveCfg = Debug|Any CPU
		{3762CC0E-6C4A-426C-AAFA-F4912BC18738}.Debug|x64.Build.0 = Debug|Any CPU
		{3762CC0E-6C4A-426C-AAFA-F4912BC18738}.Debug|x86.ActiveCfg = Debug|Any CPU
		{3762CC0E-6C4A-426C-AAFA-F4912BC18738}.Debug|x86.Build.0 = Debug|Any CPU
		{3762CC0E-6C4A-426C-AAFA-F4912BC18738}.Release|Any CPU.ActiveCfg = Release|Any CPU
		{3762CC0E-6C4A-426C-AAFA-F4912BC18738}.Release|Any CPU.Build.0 = Release|Any CPU
		{3762CC0E-6C4A-426C-AAFA-F4912BC18738}.Release|ARM.ActiveCfg = Release|Any CPU
		{3762CC0E-6C4A-426C-AAFA-F4912BC18738}.Release|ARM.Build.0 = Release|Any CPU
		{3762CC0E-6C4A-426C-AAFA-F4912BC18738}.Release|iPhone.ActiveCfg = Release|Any CPU
		{3762CC0E-6C4A-426C-AAFA-F4912BC18738}.Release|iPhone.Build.0 = Release|Any CPU
		{3762CC0E-6C4A-426C-AAFA-F4912BC18738}.Release|iPhoneSimulator.ActiveCfg = Release|Any CPU
		{3762CC0E-6C4A-426C-AAFA-F4912BC18738}.Release|iPhoneSimulator.Build.0 = Release|Any CPU
		{3762CC0E-6C4A-426C-AAFA-F4912BC18738}.Release|x64.ActiveCfg = Release|Any CPU
		{3762CC0E-6C4A-426C-AAFA-F4912BC18738}.Release|x64.Build.0 = Release|Any CPU
		{3762CC0E-6C4A-426C-AAFA-F4912BC18738}.Release|x86.ActiveCfg = Release|Any CPU
		{3762CC0E-6C4A-426C-AAFA-F4912BC18738}.Release|x86.Build.0 = Release|Any CPU
	EndGlobalSection
	GlobalSection(SolutionProperties) = preSolution
		HideSolutionNode = FALSE
	EndGlobalSection
	GlobalSection(NestedProjects) = preSolution
		{86F6C66A-0817-4015-BCB3-B1B2330A6D57} = {26CC450A-9A27-4BA4-9326-6EB6E9A39607}
		{CC5CB28F-E68C-4961-B5AD-13E222C504E7} = {26CC450A-9A27-4BA4-9326-6EB6E9A39607}
		{198DD55A-34A7-4189-8A42-9959EBE4DEC4} = {8FD7C302-0CF2-4781-B43F-B53CFFBD8B28}
		{B9075450-D928-45B4-B2BE-BE4EBDAC0366} = {8FD7C302-0CF2-4781-B43F-B53CFFBD8B28}
		{19B953FD-1DC2-436B-A8BA-80D096D1EC11} = {8FD7C302-0CF2-4781-B43F-B53CFFBD8B28}
		{2B504A17-FF9F-4A56-9DBD-3557B890E49A} = {CCF31E5D-3326-4A1F-BFC7-A89FC06290B9}
		{864E186F-B2F2-49F0-8B9B-3AA1C2A6C48C} = {EF001721-355B-4A94-8503-7048FFEA5C25}
		{2BBE2EF0-6601-4730-BB18-BAB8DDD5F7DA} = {EF001721-355B-4A94-8503-7048FFEA5C25}
		{7EAEDAD6-4B21-4D61-BA81-D5A50BA23912} = {EF001721-355B-4A94-8503-7048FFEA5C25}
		{70E4699F-01F2-4A80-A807-F8F2F692362C} = {2BBE2EF0-6601-4730-BB18-BAB8DDD5F7DA}
		{CF2A2FA6-B388-413F-B4C2-5E208F189A00} = {864E186F-B2F2-49F0-8B9B-3AA1C2A6C48C}
		{B9F20D66-84FE-4DD9-96E5-AF055AA2F632} = {7EAEDAD6-4B21-4D61-BA81-D5A50BA23912}
		{3762CC0E-6C4A-426C-AAFA-F4912BC18738} = {CCF31E5D-3326-4A1F-BFC7-A89FC06290B9}
	EndGlobalSection
EndGlobal
